{
  "name": "vite-template-solid",
  "version": "0.0.0",
  "lockfileVersion": 3,
  "requires": true,
  "packages": {
    "": {
      "name": "vite-template-solid",
      "version": "0.0.0",
      "license": "Apache-2.0",
      "dependencies": {
        "@codemirror/lang-java": "^6.0.2",
        "@codemirror/lang-json": "^6.0.2",
        "@codemirror/lang-rust": "^6.0.2",
        "@codemirror/theme-one-dark": "^6.1.3",
        "@solidjs/meta": "^0.29.4",
        "@solidjs/router": "^0.15.3",
        "codemirror": "^6.0.2",
        "solid-js": "^1.9.11"
      },
      "devDependencies": {
        "solid-devtools": "^0.34.4"
      }
    },
    "node_modules/@babel/code-frame": {
      "version": "7.27.1",
      "resolved": "https://registry.npmjs.org/@babel/code-frame/-/code-frame-7.27.1.tgz",
      "integrity": "sha512-cjQ7ZlQ0Mv3b47hABuTevyTuYN4i+loJKGeV9flcCgIK37cCXRh+L1bd3iBHlynerhQ7BhCkn2BPbQUL+rGqFg==",
      "dev": true,
      "license": "MIT",
      "dependencies": {
        "@babel/helper-validator-identifier": "^7.27.1",
        "js-tokens": "^4.0.0",
        "picocolors": "^1.1.1"
      },
      "engines": {
        "node": ">=6.9.0"
      }
    },
    "node_modules/@babel/compat-data": {
      "version": "7.28.5",
      "resolved": "https://registry.npmjs.org/@babel/compat-data/-/compat-data-7.28.5.tgz",
      "integrity": "sha512-6uFXyCayocRbqhZOB+6XcuZbkMNimwfVGFji8CTZnCzOHVGvDqzvitu1re2AU5LROliz7eQPhB8CpAMvnx9EjA==",
      "dev": true,
      "license": "MIT",
      "engines": {
        "node": ">=6.9.0"
      }
    },
    "node_modules/@babel/core": {
      "version": "7.28.5",
      "resolved": "https://registry.npmjs.org/@babel/core/-/core-7.28.5.tgz",
      "integrity": "sha512-e7jT4DxYvIDLk1ZHmU/m/mB19rex9sv0c2ftBtjSBv+kVM/902eh0fINUzD7UwLLNR+jU585GxUJ8/EBfAM5fw==",
      "dev": true,
      "license": "MIT",
      "dependencies": {
        "@babel/code-frame": "^7.27.1",
        "@babel/generator": "^7.28.5",
        "@babel/helper-compilation-targets": "^7.27.2",
        "@babel/helper-module-transforms": "^7.28.3",
        "@babel/helpers": "^7.28.4",
        "@babel/parser": "^7.28.5",
        "@babel/template": "^7.27.2",
        "@babel/traverse": "^7.28.5",
        "@babel/types": "^7.28.5",
        "@jridgewell/remapping": "^2.3.5",
        "convert-source-map": "^2.0.0",
        "debug": "^4.1.0",
        "gensync": "^1.0.0-beta.2",
        "json5": "^2.2.3",
        "semver": "^6.3.1"
      },
      "engines": {
        "node": ">=6.9.0"
      },
      "funding": {
        "type": "opencollective",
        "url": "https://opencollective.com/babel"
      }
    },
    "node_modules/@babel/generator": {
      "version": "7.28.5",
      "resolved": "https://registry.npmjs.org/@babel/generator/-/generator-7.28.5.tgz",
      "integrity": "sha512-3EwLFhZ38J4VyIP6WNtt2kUdW9dokXA9Cr4IVIFHuCpZ3H8/YFOl5JjZHisrn1fATPBmKKqXzDFvh9fUwHz6CQ==",
      "dev": true,
      "license": "MIT",
      "dependencies": {
        "@babel/parser": "^7.28.5",
        "@babel/types": "^7.28.5",
        "@jridgewell/gen-mapping": "^0.3.12",
        "@jridgewell/trace-mapping": "^0.3.28",
        "jsesc": "^3.0.2"
      },
      "engines": {
        "node": ">=6.9.0"
      }
    },
    "node_modules/@babel/helper-compilation-targets": {
      "version": "7.27.2",
      "resolved": "https://registry.npmjs.org/@babel/helper-compilation-targets/-/helper-compilation-targets-7.27.2.tgz",
      "integrity": "sha512-2+1thGUUWWjLTYTHZWK1n8Yga0ijBz1XAhUXcKy81rd5g6yh7hGqMp45v7cadSbEHc9G3OTv45SyneRN3ps4DQ==",
      "dev": true,
      "license": "MIT",
      "dependencies": {
        "@babel/compat-data": "^7.27.2",
        "@babel/helper-validator-option": "^7.27.1",
        "browserslist": "^4.24.0",
        "lru-cache": "^5.1.1",
        "semver": "^6.3.1"
      },
      "engines": {
        "node": ">=6.9.0"
      }
    },
    "node_modules/@babel/helper-globals": {
      "version": "7.28.0",
      "resolved": "https://registry.npmjs.org/@babel/helper-globals/-/helper-globals-7.28.0.tgz",
      "integrity": "sha512-+W6cISkXFa1jXsDEdYA8HeevQT/FULhxzR99pxphltZcVaugps53THCeiWA8SguxxpSp3gKPiuYfSWopkLQ4hw==",
      "dev": true,
      "license": "MIT",
      "engines": {
        "node": ">=6.9.0"
      }
    },
    "node_modules/@babel/helper-module-imports": {
      "version": "7.27.1",
      "resolved": "https://registry.npmjs.org/@babel/helper-module-imports/-/helper-module-imports-7.27.1.tgz",
      "integrity": "sha512-0gSFWUPNXNopqtIPQvlD5WgXYI5GY2kP2cCvoT8kczjbfcfuIljTbcWrulD1CIPIX2gt1wghbDy08yE1p+/r3w==",
      "dev": true,
      "license": "MIT",
      "dependencies": {
        "@babel/traverse": "^7.27.1",
        "@babel/types": "^7.27.1"
      },
      "engines": {
        "node": ">=6.9.0"
      }
    },
    "node_modules/@babel/helper-module-transforms": {
      "version": "7.28.3",
      "resolved": "https://registry.npmjs.org/@babel/helper-module-transforms/-/helper-module-transforms-7.28.3.tgz",
      "integrity": "sha512-gytXUbs8k2sXS9PnQptz5o0QnpLL51SwASIORY6XaBKF88nsOT0Zw9szLqlSGQDP/4TljBAD5y98p2U1fqkdsw==",
      "dev": true,
      "license": "MIT",
      "dependencies": {
        "@babel/helper-module-imports": "^7.27.1",
        "@babel/helper-validator-identifier": "^7.27.1",
        "@babel/traverse": "^7.28.3"
      },
      "engines": {
        "node": ">=6.9.0"
      },
      "peerDependencies": {
        "@babel/core": "^7.0.0"
      }
    },
    "node_modules/@babel/helper-plugin-utils": {
      "version": "7.27.1",
      "resolved": "https://registry.npmjs.org/@babel/helper-plugin-utils/-/helper-plugin-utils-7.27.1.tgz",
      "integrity": "sha512-1gn1Up5YXka3YYAHGKpbideQ5Yjf1tDa9qYcgysz+cNCXukyLl6DjPXhD3VRwSb8c0J9tA4b2+rHEZtc6R0tlw==",
      "dev": true,
      "license": "MIT",
      "engines": {
        "node": ">=6.9.0"
      }
    },
    "node_modules/@babel/helper-string-parser": {
      "version": "7.27.1",
      "resolved": "https://registry.npmjs.org/@babel/helper-string-parser/-/helper-string-parser-7.27.1.tgz",
      "integrity": "sha512-qMlSxKbpRlAridDExk92nSobyDdpPijUq2DW6oDnUqd0iOGxmQjyqhMIihI9+zv4LPyZdRje2cavWPbCbWm3eA==",
      "dev": true,
      "license": "MIT",
      "engines": {
        "node": ">=6.9.0"
      }
    },
    "node_modules/@babel/helper-validator-identifier": {
      "version": "7.28.5",
      "resolved": "https://registry.npmjs.org/@babel/helper-validator-identifier/-/helper-validator-identifier-7.28.5.tgz",
      "integrity": "sha512-qSs4ifwzKJSV39ucNjsvc6WVHs6b7S03sOh2OcHF9UHfVPqWWALUsNUVzhSBiItjRZoLHx7nIarVjqKVusUZ1Q==",
      "dev": true,
      "license": "MIT",
      "engines": {
        "node": ">=6.9.0"
      }
    },
    "node_modules/@babel/helper-validator-option": {
      "version": "7.27.1",
      "resolved": "https://registry.npmjs.org/@babel/helper-validator-option/-/helper-validator-option-7.27.1.tgz",
      "integrity": "sha512-YvjJow9FxbhFFKDSuFnVCe2WxXk1zWc22fFePVNEaWJEu8IrZVlda6N0uHwzZrUM1il7NC9Mlp4MaJYbYd9JSg==",
      "dev": true,
      "license": "MIT",
      "engines": {
        "node": ">=6.9.0"
      }
    },
    "node_modules/@babel/helpers": {
      "version": "7.28.4",
      "resolved": "https://registry.npmjs.org/@babel/helpers/-/helpers-7.28.4.tgz",
      "integrity": "sha512-HFN59MmQXGHVyYadKLVumYsA9dBFun/ldYxipEjzA4196jpLZd8UjEEBLkbEkvfYreDqJhZxYAWFPtrfhNpj4w==",
      "dev": true,
      "license": "MIT",
      "dependencies": {
        "@babel/template": "^7.27.2",
        "@babel/types": "^7.28.4"
      },
      "engines": {
        "node": ">=6.9.0"
      }
    },
    "node_modules/@babel/parser": {
      "version": "7.28.5",
      "resolved": "https://registry.npmjs.org/@babel/parser/-/parser-7.28.5.tgz",
      "integrity": "sha512-KKBU1VGYR7ORr3At5HAtUQ+TV3SzRCXmA/8OdDZiLDBIZxVyzXuztPjfLd3BV1PRAQGCMWWSHYhL0F8d5uHBDQ==",
      "dev": true,
      "license": "MIT",
      "dependencies": {
        "@babel/types": "^7.28.5"
      },
      "bin": {
        "parser": "bin/babel-parser.js"
      },
      "engines": {
        "node": ">=6.0.0"
      }
    },
    "node_modules/@babel/plugin-syntax-typescript": {
      "version": "7.27.1",
      "resolved": "https://registry.npmjs.org/@babel/plugin-syntax-typescript/-/plugin-syntax-typescript-7.27.1.tgz",
      "integrity": "sha512-xfYCBMxveHrRMnAWl1ZlPXOZjzkN82THFvLhQhFXFt81Z5HnN+EtUkZhv/zcKpmT3fzmWZB0ywiBrbC3vogbwQ==",
      "dev": true,
      "license": "MIT",
      "dependencies": {
        "@babel/helper-plugin-utils": "^7.27.1"
      },
      "engines": {
        "node": ">=6.9.0"
      },
      "peerDependencies": {
        "@babel/core": "^7.0.0-0"
      }
    },
    "node_modules/@babel/template": {
      "version": "7.27.2",
      "resolved": "https://registry.npmjs.org/@babel/template/-/template-7.27.2.tgz",
      "integrity": "sha512-LPDZ85aEJyYSd18/DkjNh4/y1ntkE5KwUHWTiqgRxruuZL2F1yuHligVHLvcHY2vMHXttKFpJn6LwfI7cw7ODw==",
      "dev": true,
      "license": "MIT",
      "dependencies": {
        "@babel/code-frame": "^7.27.1",
        "@babel/parser": "^7.27.2",
        "@babel/types": "^7.27.1"
      },
      "engines": {
        "node": ">=6.9.0"
      }
    },
    "node_modules/@babel/traverse": {
      "version": "7.28.5",
      "resolved": "https://registry.npmjs.org/@babel/traverse/-/traverse-7.28.5.tgz",
      "integrity": "sha512-TCCj4t55U90khlYkVV/0TfkJkAkUg3jZFA3Neb7unZT8CPok7iiRfaX0F+WnqWqt7OxhOn0uBKXCw4lbL8W0aQ==",
      "dev": true,
      "license": "MIT",
      "dependencies": {
        "@babel/code-frame": "^7.27.1",
        "@babel/generator": "^7.28.5",
        "@babel/helper-globals": "^7.28.0",
        "@babel/parser": "^7.28.5",
        "@babel/template": "^7.27.2",
        "@babel/types": "^7.28.5",
        "debug": "^4.3.1"
      },
      "engines": {
        "node": ">=6.9.0"
      }
    },
    "node_modules/@babel/types": {
      "version": "7.28.5",
      "resolved": "https://registry.npmjs.org/@babel/types/-/types-7.28.5.tgz",
      "integrity": "sha512-qQ5m48eI/MFLQ5PxQj4PFaprjyCTLI37ElWMmNs0K8Lk3dVeOdNpB3ks8jc7yM5CDmVC73eMVk/trk3fgmrUpA==",
      "dev": true,
      "license": "MIT",
      "dependencies": {
        "@babel/helper-string-parser": "^7.27.1",
        "@babel/helper-validator-identifier": "^7.28.5"
      },
      "engines": {
        "node": ">=6.9.0"
      }
    },
    "node_modules/@codemirror/autocomplete": {
      "version": "6.20.0",
      "resolved": "https://registry.npmjs.org/@codemirror/autocomplete/-/autocomplete-6.20.0.tgz",
      "integrity": "sha512-bOwvTOIJcG5FVo5gUUupiwYh8MioPLQ4UcqbcRf7UQ98X90tCa9E1kZ3Z7tqwpZxYyOvh1YTYbmZE9RTfTp5hg==",
      "license": "MIT",
      "dependencies": {
        "@codemirror/language": "^6.0.0",
        "@codemirror/state": "^6.0.0",
        "@codemirror/view": "^6.17.0",
        "@lezer/common": "^1.0.0"
      }
    },
    "node_modules/@codemirror/commands": {
      "version": "6.10.2",
      "resolved": "https://registry.npmjs.org/@codemirror/commands/-/commands-6.10.2.tgz",
      "integrity": "sha512-vvX1fsih9HledO1c9zdotZYUZnE4xV0m6i3m25s5DIfXofuprk6cRcLUZvSk3CASUbwjQX21tOGbkY2BH8TpnQ==",
      "license": "MIT",
      "dependencies": {
        "@codemirror/language": "^6.0.0",
        "@codemirror/state": "^6.4.0",
        "@codemirror/view": "^6.27.0",
        "@lezer/common": "^1.1.0"
      }
    },
    "node_modules/@codemirror/lang-java": {
      "version": "6.0.2",
      "resolved": "https://registry.npmjs.org/@codemirror/lang-java/-/lang-java-6.0.2.tgz",
      "integrity": "sha512-m5Nt1mQ/cznJY7tMfQTJchmrjdjQ71IDs+55d1GAa8DGaB8JXWsVCkVT284C3RTASaY43YknrK2X3hPO/J3MOQ==",
      "license": "MIT",
      "dependencies": {
        "@codemirror/language": "^6.0.0",
        "@lezer/java": "^1.0.0"
      }
    },
    "node_modules/@codemirror/lang-json": {
      "version": "6.0.2",
      "resolved": "https://registry.npmjs.org/@codemirror/lang-json/-/lang-json-6.0.2.tgz",
      "integrity": "sha512-x2OtO+AvwEHrEwR0FyyPtfDUiloG3rnVTSZV1W8UteaLL8/MajQd8DpvUb2YVzC+/T18aSDv0H9mu+xw0EStoQ==",
      "license": "MIT",
      "dependencies": {
        "@codemirror/language": "^6.0.0",
        "@lezer/json": "^1.0.0"
      }
    },
    "node_modules/@codemirror/lang-rust": {
      "version": "6.0.2",
      "resolved": "https://registry.npmjs.org/@codemirror/lang-rust/-/lang-rust-6.0.2.tgz",
      "integrity": "sha512-EZaGjCUegtiU7kSMvOfEZpaCReowEf3yNidYu7+vfuGTm9ow4mthAparY5hisJqOHmJowVH3Upu+eJlUji6qqA==",
      "license": "MIT",
      "dependencies": {
        "@codemirror/language": "^6.0.0",
        "@lezer/rust": "^1.0.0"
      }
    },
    "node_modules/@codemirror/language": {
      "version": "6.12.1",
      "resolved": "https://registry.npmjs.org/@codemirror/language/-/language-6.12.1.tgz",
      "integrity": "sha512-Fa6xkSiuGKc8XC8Cn96T+TQHYj4ZZ7RdFmXA3i9xe/3hLHfwPZdM+dqfX0Cp0zQklBKhVD8Yzc8LS45rkqcwpQ==",
      "license": "MIT",
      "dependencies": {
        "@codemirror/state": "^6.0.0",
        "@codemirror/view": "^6.23.0",
        "@lezer/common": "^1.5.0",
        "@lezer/highlight": "^1.0.0",
        "@lezer/lr": "^1.0.0",
        "style-mod": "^4.0.0"
      }
    },
    "node_modules/@codemirror/lint": {
      "version": "6.9.4",
      "resolved": "https://registry.npmjs.org/@codemirror/lint/-/lint-6.9.4.tgz",
      "integrity": "sha512-ABc9vJ8DEmvOWuH26P3i8FpMWPQkduD9Rvba5iwb6O3hxASgclm3T3krGo8NASXkHCidz6b++LWlzWIUfEPSWw==",
      "license": "MIT",
      "dependencies": {
        "@codemirror/state": "^6.0.0",
        "@codemirror/view": "^6.35.0",
        "crelt": "^1.0.5"
      }
    },
    "node_modules/@codemirror/search": {
      "version": "6.6.0",
      "resolved": "https://registry.npmjs.org/@codemirror/search/-/search-6.6.0.tgz",
      "integrity": "sha512-koFuNXcDvyyotWcgOnZGmY7LZqEOXZaaxD/j6n18TCLx2/9HieZJ5H6hs1g8FiRxBD0DNfs0nXn17g872RmYdw==",
      "license": "MIT",
      "dependencies": {
        "@codemirror/state": "^6.0.0",
        "@codemirror/view": "^6.37.0",
        "crelt": "^1.0.5"
      }
    },
    "node_modules/@codemirror/state": {
      "version": "6.5.4",
      "resolved": "https://registry.npmjs.org/@codemirror/state/-/state-6.5.4.tgz",
      "integrity": "sha512-8y7xqG/hpB53l25CIoit9/ngxdfoG+fx+V3SHBrinnhOtLvKHRyAJJuHzkWrR4YXXLX8eXBsejgAAxHUOdW1yw==",
      "license": "MIT",
      "dependencies": {
        "@marijn/find-cluster-break": "^1.0.0"
      }
    },
    "node_modules/@codemirror/theme-one-dark": {
      "version": "6.1.3",
      "resolved": "https://registry.npmjs.org/@codemirror/theme-one-dark/-/theme-one-dark-6.1.3.tgz",
      "integrity": "sha512-NzBdIvEJmx6fjeremiGp3t/okrLPYT0d9orIc7AFun8oZcRk58aejkqhv6spnz4MLAevrKNPMQYXEWMg4s+sKA==",
      "license": "MIT",
      "dependencies": {
        "@codemirror/language": "^6.0.0",
        "@codemirror/state": "^6.0.0",
        "@codemirror/view": "^6.0.0",
        "@lezer/highlight": "^1.0.0"
      }
    },
    "node_modules/@codemirror/view": {
      "version": "6.39.14",
      "resolved": "https://registry.npmjs.org/@codemirror/view/-/view-6.39.14.tgz",
      "integrity": "sha512-WJcvgHm/6Q7dvGT0YFv/6PSkoc36QlR0VCESS6x9tGsnF1lWLmmYxOgX3HH6v8fo6AvSLgpcs+H0Olre6MKXlg==",
      "license": "MIT",
      "dependencies": {
        "@codemirror/state": "^6.5.0",
        "crelt": "^1.0.6",
        "style-mod": "^4.1.0",
        "w3c-keyname": "^2.2.4"
      }
    },
    "node_modules/@jridgewell/gen-mapping": {
      "version": "0.3.13",
      "resolved": "https://registry.npmjs.org/@jridgewell/gen-mapping/-/gen-mapping-0.3.13.tgz",
      "integrity": "sha512-2kkt/7niJ6MgEPxF0bYdQ6etZaA+fQvDcLKckhy1yIQOzaoKjBBjSj63/aLVjYE3qhRt5dvM+uUyfCg6UKCBbA==",
      "dev": true,
      "license": "MIT",
      "dependencies": {
        "@jridgewell/sourcemap-codec": "^1.5.0",
        "@jridgewell/trace-mapping": "^0.3.24"
      }
    },
    "node_modules/@jridgewell/remapping": {
      "version": "2.3.5",
      "resolved": "https://registry.npmjs.org/@jridgewell/remapping/-/remapping-2.3.5.tgz",
      "integrity": "sha512-LI9u/+laYG4Ds1TDKSJW2YPrIlcVYOwi2fUC6xB43lueCjgxV4lffOCZCtYFiH6TNOX+tQKXx97T4IKHbhyHEQ==",
      "dev": true,
      "license": "MIT",
      "dependencies": {
        "@jridgewell/gen-mapping": "^0.3.5",
        "@jridgewell/trace-mapping": "^0.3.24"
      }
    },
    "node_modules/@jridgewell/resolve-uri": {
      "version": "3.1.2",
      "resolved": "https://registry.npmjs.org/@jridgewell/resolve-uri/-/resolve-uri-3.1.2.tgz",
      "integrity": "sha512-bRISgCIjP20/tbWSPWMEi54QVPRZExkuD9lJL+UIxUKtwVJA8wW1Trb1jMs1RFXo1CBTNZ/5hpC9QvmKWdopKw==",
      "dev": true,
      "license": "MIT",
      "engines": {
        "node": ">=6.0.0"
      }
    },
    "node_modules/@jridgewell/sourcemap-codec": {
      "version": "1.5.5",
      "resolved": "https://registry.npmjs.org/@jridgewell/sourcemap-codec/-/sourcemap-codec-1.5.5.tgz",
      "integrity": "sha512-cYQ9310grqxueWbl+WuIUIaiUaDcj7WOq5fVhEljNVgRfOUhY9fy2zTvfoqWsnebh8Sl70VScFbICvJnLKB0Og==",
      "dev": true,
      "license": "MIT"
    },
    "node_modules/@jridgewell/trace-mapping": {
      "version": "0.3.31",
      "resolved": "https://registry.npmjs.org/@jridgewell/trace-mapping/-/trace-mapping-0.3.31.tgz",
      "integrity": "sha512-zzNR+SdQSDJzc8joaeP8QQoCQr8NuYx2dIIytl1QeBEZHJ9uW6hebsrYgbz8hJwUQao3TWCMtmfV8Nu1twOLAw==",
      "dev": true,
      "license": "MIT",
      "dependencies": {
        "@jridgewell/resolve-uri": "^3.1.0",
        "@jridgewell/sourcemap-codec": "^1.4.14"
      }
    },
    "node_modules/@lezer/common": {
      "version": "1.5.1",
      "resolved": "https://registry.npmjs.org/@lezer/common/-/common-1.5.1.tgz",
      "integrity": "sha512-6YRVG9vBkaY7p1IVxL4s44n5nUnaNnGM2/AckNgYOnxTG2kWh1vR8BMxPseWPjRNpb5VtXnMpeYAEAADoRV1Iw==",
      "license": "MIT"
    },
    "node_modules/@lezer/highlight": {
      "version": "1.2.3",
      "resolved": "https://registry.npmjs.org/@lezer/highlight/-/highlight-1.2.3.tgz",
      "integrity": "sha512-qXdH7UqTvGfdVBINrgKhDsVTJTxactNNxLk7+UMwZhU13lMHaOBlJe9Vqp907ya56Y3+ed2tlqzys7jDkTmW0g==",
      "license": "MIT",
      "dependencies": {
        "@lezer/common": "^1.3.0"
      }
    },
    "node_modules/@lezer/java": {
      "version": "1.1.3",
      "resolved": "https://registry.npmjs.org/@lezer/java/-/java-1.1.3.tgz",
      "integrity": "sha512-yHquUfujwg6Yu4Fd1GNHCvidIvJwi/1Xu2DaKl/pfWIA2c1oXkVvawH3NyXhCaFx4OdlYBVX5wvz2f7Aoa/4Xw==",
      "license": "MIT",
      "dependencies": {
        "@lezer/common": "^1.2.0",
        "@lezer/highlight": "^1.0.0",
        "@lezer/lr": "^1.0.0"
      }
    },
    "node_modules/@lezer/json": {
      "version": "1.0.3",
      "resolved": "https://registry.npmjs.org/@lezer/json/-/json-1.0.3.tgz",
      "integrity": "sha512-BP9KzdF9Y35PDpv04r0VeSTKDeox5vVr3efE7eBbx3r4s3oNLfunchejZhjArmeieBH+nVOpgIiBJpEAv8ilqQ==",
      "license": "MIT",
      "dependencies": {
        "@lezer/common": "^1.2.0",
        "@lezer/highlight": "^1.0.0",
        "@lezer/lr": "^1.0.0"
      }
    },
    "node_modules/@lezer/lr": {
      "version": "1.4.8",
      "resolved": "https://registry.npmjs.org/@lezer/lr/-/lr-1.4.8.tgz",
      "integrity": "sha512-bPWa0Pgx69ylNlMlPvBPryqeLYQjyJjqPx+Aupm5zydLIF3NE+6MMLT8Yi23Bd9cif9VS00aUebn+6fDIGBcDA==",
      "license": "MIT",
      "dependencies": {
        "@lezer/common": "^1.0.0"
      }
    },
    "node_modules/@lezer/rust": {
      "version": "1.0.2",
      "resolved": "https://registry.npmjs.org/@lezer/rust/-/rust-1.0.2.tgz",
      "integrity": "sha512-Lz5sIPBdF2FUXcWeCu1//ojFAZqzTQNRga0aYv6dYXqJqPfMdCAI0NzajWUd4Xijj1IKJLtjoXRPMvTKWBcqKg==",
      "license": "MIT",
      "dependencies": {
        "@lezer/common": "^1.2.0",
        "@lezer/highlight": "^1.0.0",
        "@lezer/lr": "^1.0.0"
      }
    },
    "node_modules/@marijn/find-cluster-break": {
      "version": "1.0.2",
      "resolved": "https://registry.npmjs.org/@marijn/find-cluster-break/-/find-cluster-break-1.0.2.tgz",
      "integrity": "sha512-l0h88YhZFyKdXIFNfSWpyjStDjGHwZ/U7iobcK1cQQD8sejsONdQtTVU+1wVN1PBw40PiiHB1vA5S7VTfQiP9g==",
      "license": "MIT"
    },
    "node_modules/@nothing-but/utils": {
      "version": "0.17.0",
      "resolved": "https://registry.npmjs.org/@nothing-but/utils/-/utils-0.17.0.tgz",
      "integrity": "sha512-TuCHcHLOqDL0SnaAxACfuRHBNRgNJcNn9X0GiH5H3YSDBVquCr3qEIG3FOQAuMyZCbu9w8nk2CHhOsn7IvhIwQ==",
      "dev": true,
      "license": "MIT"
    },
    "node_modules/@solid-devtools/debugger": {
      "version": "0.28.1",
      "resolved": "https://registry.npmjs.org/@solid-devtools/debugger/-/debugger-0.28.1.tgz",
      "integrity": "sha512-6qIUI6VYkXoRnL8oF5bvh2KgH71qlJ18hNw/mwSyY6v48eb80ZR48/5PDXufUa3q+MBSuYa1uqTMwLewpay9eg==",
      "dev": true,
      "license": "MIT",
      "dependencies": {
        "@nothing-but/utils": "~0.17.0",
        "@solid-devtools/shared": "^0.20.0",
        "@solid-primitives/bounds": "^0.1.1",
        "@solid-primitives/event-listener": "^2.4.1",
        "@solid-primitives/keyboard": "^1.3.1",
        "@solid-primitives/rootless": "^1.5.1",
        "@solid-primitives/scheduled": "^1.5.1",
        "@solid-primitives/static-store": "^0.1.1",
        "@solid-primitives/utils": "^6.3.1"
      },
      "peerDependencies": {
        "solid-js": "^1.9.0"
      }
    },
    "node_modules/@solid-devtools/shared": {
      "version": "0.20.0",
      "resolved": "https://registry.npmjs.org/@solid-devtools/shared/-/shared-0.20.0.tgz",
      "integrity": "sha512-o5TACmUOQsxpzpOKCjbQqGk8wL8PMi+frXG9WNu4Lh3PQVUB6hs95Kl/S8xc++zwcMguUKZJn8h5URUiMOca6Q==",
      "dev": true,
      "license": "MIT",
      "dependencies": {
        "@nothing-but/utils": "~0.17.0",
        "@solid-primitives/event-listener": "^2.4.1",
        "@solid-primitives/media": "^2.3.1",
        "@solid-primitives/refs": "^1.1.1",
        "@solid-primitives/rootless": "^1.5.1",
        "@solid-primitives/scheduled": "^1.5.1",
        "@solid-primitives/static-store": "^0.1.1",
        "@solid-primitives/styles": "^0.1.1",
        "@solid-primitives/utils": "^6.3.1"
      },
      "peerDependencies": {
        "solid-js": "^1.9.0"
      }
    },
    "node_modules/@solid-primitives/bounds": {
      "version": "0.1.3",
      "resolved": "https://registry.npmjs.org/@solid-primitives/bounds/-/bounds-0.1.3.tgz",
      "integrity": "sha512-UbiyKMdSPmtijcEDnYLQL3zzaejpwWDAJJ4Gt5P0hgVs6A72piov0GyNw7V2SroH7NZFwxlYS22YmOr8A5xc1Q==",
      "dev": true,
      "license": "MIT",
      "dependencies": {
        "@solid-primitives/event-listener": "^2.4.3",
        "@solid-primitives/resize-observer": "^2.1.3",
        "@solid-primitives/static-store": "^0.1.2",
        "@solid-primitives/utils": "^6.3.2"
      },
      "peerDependencies": {
        "solid-js": "^1.6.12"
      }
    },
    "node_modules/@solid-primitives/event-listener": {
      "version": "2.4.3",
      "resolved": "https://registry.npmjs.org/@solid-primitives/event-listener/-/event-listener-2.4.3.tgz",
      "integrity": "sha512-h4VqkYFv6Gf+L7SQj+Y6puigL/5DIi7x5q07VZET7AWcS+9/G3WfIE9WheniHWJs51OEkRB43w6lDys5YeFceg==",
      "dev": true,
      "license": "MIT",
      "dependencies": {
        "@solid-primitives/utils": "^6.3.2"
      },
      "peerDependencies": {
        "solid-js": "^1.6.12"
      }
    },
    "node_modules/@solid-primitives/keyboard": {
      "version": "1.3.3",
      "resolved": "https://registry.npmjs.org/@solid-primitives/keyboard/-/keyboard-1.3.3.tgz",
      "integrity": "sha512-9dQHTTgLBqyAI7aavtO+HnpTVJgWQA1ghBSrmLtMu1SMxLPDuLfuNr+Tk5udb4AL4Ojg7h9JrKOGEEDqsJXWJA==",
      "dev": true,
      "license": "MIT",
      "dependencies": {
        "@solid-primitives/event-listener": "^2.4.3",
        "@solid-primitives/rootless": "^1.5.2",
        "@solid-primitives/utils": "^6.3.2"
      },
      "peerDependencies": {
        "solid-js": "^1.6.12"
      }
    },
    "node_modules/@solid-primitives/media": {
      "version": "2.3.3",
      "resolved": "https://registry.npmjs.org/@solid-primitives/media/-/media-2.3.3.tgz",
      "integrity": "sha512-hQ4hLOGvfbugQi5Eu1BFWAIJGIAzztq9x0h02xgBGl2l0Jaa3h7tg6bz5tV1NSuNYVGio4rPoa7zVQQLkkx9dA==",
      "dev": true,
      "license": "MIT",
      "dependencies": {
        "@solid-primitives/event-listener": "^2.4.3",
        "@solid-primitives/rootless": "^1.5.2",
        "@solid-primitives/static-store": "^0.1.2",
        "@solid-primitives/utils": "^6.3.2"
      },
      "peerDependencies": {
        "solid-js": "^1.6.12"
      }
    },
    "node_modules/@solid-primitives/refs": {
      "version": "1.1.2",
      "resolved": "https://registry.npmjs.org/@solid-primitives/refs/-/refs-1.1.2.tgz",
      "integrity": "sha512-K7tf2thy7L+YJjdqXspXOg5xvNEOH8tgEWsp0+1mQk3obHBRD6hEjYZk7p7FlJphSZImS35je3UfmWuD7MhDfg==",
      "dev": true,
      "license": "MIT",
      "dependencies": {
        "@solid-primitives/utils": "^6.3.2"
      },
      "peerDependencies": {
        "solid-js": "^1.6.12"
      }
    },
    "node_modules/@solid-primitives/resize-observer": {
      "version": "2.1.3",
      "resolved": "https://registry.npmjs.org/@solid-primitives/resize-observer/-/resize-observer-2.1.3.tgz",
      "integrity": "sha512-zBLje5E06TgOg93S7rGPldmhDnouNGhvfZVKOp+oG2XU8snA+GoCSSCz1M+jpNAg5Ek2EakU5UVQqL152WmdXQ==",
      "dev": true,
      "license": "MIT",
      "dependencies": {
        "@solid-primitives/event-listener": "^2.4.3",
        "@solid-primitives/rootless": "^1.5.2",
        "@solid-primitives/static-store": "^0.1.2",
        "@solid-primitives/utils": "^6.3.2"
      },
      "peerDependencies": {
        "solid-js": "^1.6.12"
      }
    },
    "node_modules/@solid-primitives/rootless": {
      "version": "1.5.2",
      "resolved": "https://registry.npmjs.org/@solid-primitives/rootless/-/rootless-1.5.2.tgz",
      "integrity": "sha512-9HULb0QAzL2r47CCad0M+NKFtQ+LrGGNHZfteX/ThdGvKIg2o2GYhBooZubTCd/RTu2l2+Nw4s+dEfiDGvdrrQ==",
      "dev": true,
      "license": "MIT",
      "dependencies": {
        "@solid-primitives/utils": "^6.3.2"
      },
      "peerDependencies": {
        "solid-js": "^1.6.12"
      }
    },
    "node_modules/@solid-primitives/scheduled": {
      "version": "1.5.2",
      "resolved": "https://registry.npmjs.org/@solid-primitives/scheduled/-/scheduled-1.5.2.tgz",
      "integrity": "sha512-/j2igE0xyNaHhj6kMfcUQn5rAVSTLbAX+CDEBm25hSNBmNiHLu2lM7Usj2kJJ5j36D67bE8wR1hBNA8hjtvsQA==",
      "dev": true,
      "license": "MIT",
      "peerDependencies": {
        "solid-js": "^1.6.12"
      }
    },
    "node_modules/@solid-primitives/static-store": {
      "version": "0.1.2",
      "resolved": "https://registry.npmjs.org/@solid-primitives/static-store/-/static-store-0.1.2.tgz",
      "integrity": "sha512-ReK+5O38lJ7fT+L6mUFvUr6igFwHBESZF+2Ug842s7fvlVeBdIVEdTCErygff6w7uR6+jrr7J8jQo+cYrEq4Iw==",
      "dev": true,
      "license": "MIT",
      "dependencies": {
        "@solid-primitives/utils": "^6.3.2"
      },
      "peerDependencies": {
        "solid-js": "^1.6.12"
      }
    },
    "node_modules/@solid-primitives/styles": {
      "version": "0.1.2",
      "resolved": "https://registry.npmjs.org/@solid-primitives/styles/-/styles-0.1.2.tgz",
      "integrity": "sha512-7iX5K+J5b1PRrbgw3Ki92uvU2LgQ0Kd/QMsrAZxDg5dpUBwMyTijZkA3bbs1ikZsT1oQhS41bTyKbjrXeU0Awg==",
      "dev": true,
      "license": "MIT",
      "dependencies": {
        "@solid-primitives/rootless": "^1.5.2",
        "@solid-primitives/utils": "^6.3.2"
      },
      "peerDependencies": {
        "solid-js": "^1.6.12"
      }
    },
    "node_modules/@solid-primitives/utils": {
      "version": "6.3.2",
      "resolved": "https://registry.npmjs.org/@solid-primitives/utils/-/utils-6.3.2.tgz",
      "integrity": "sha512-hZ/M/qr25QOCcwDPOHtGjxTD8w2mNyVAYvcfgwzBHq2RwNqHNdDNsMZYap20+ruRwW4A3Cdkczyoz0TSxLCAPQ==",
      "dev": true,
      "license": "MIT",
      "peerDependencies": {
        "solid-js": "^1.6.12"
      }
    },
    "node_modules/@solidjs/meta": {
      "version": "0.29.4",
      "resolved": "https://registry.npmjs.org/@solidjs/meta/-/meta-0.29.4.tgz",
      "integrity": "sha512-zdIWBGpR9zGx1p1bzIPqF5Gs+Ks/BH8R6fWhmUa/dcK1L2rUC8BAcZJzNRYBQv74kScf1TSOs0EY//Vd/I0V8g==",
      "peerDependencies": {
        "solid-js": ">=1.8.4"
      }
    },
    "node_modules/@solidjs/router": {
      "version": "0.15.4",
      "resolved": "https://registry.npmjs.org/@solidjs/router/-/router-0.15.4.tgz",
      "integrity": "sha512-WOpgg9a9T638cR+5FGbFi/IV4l2FpmBs1GpIMSPa0Ce9vyJN7Wts+X2PqMf9IYn0zUj2MlSJtm1gp7/HI/n5TQ==",
      "license": "MIT",
      "peerDependencies": {
        "solid-js": "^1.8.6"
      }
    },
    "node_modules/baseline-browser-mapping": {
      "version": "2.9.11",
      "resolved": "https://registry.npmjs.org/baseline-browser-mapping/-/baseline-browser-mapping-2.9.11.tgz",
      "integrity": "sha512-Sg0xJUNDU1sJNGdfGWhVHX0kkZ+HWcvmVymJbj6NSgZZmW/8S9Y2HQ5euytnIgakgxN6papOAWiwDo1ctFDcoQ==",
      "dev": true,
      "license": "Apache-2.0",
      "bin": {
        "baseline-browser-mapping": "dist/cli.js"
      }
    },
    "node_modules/browserslist": {
      "version": "4.28.1",
      "resolved": "https://registry.npmjs.org/browserslist/-/browserslist-4.28.1.tgz",
      "integrity": "sha512-ZC5Bd0LgJXgwGqUknZY/vkUQ04r8NXnJZ3yYi4vDmSiZmC/pdSN0NbNRPxZpbtO4uAfDUAFffO8IZoM3Gj8IkA==",
      "dev": true,
      "funding": [
        {
          "type": "opencollective",
          "url": "https://opencollective.com/browserslist"
        },
        {
          "type": "tidelift",
          "url": "https://tidelift.com/funding/github/npm/browserslist"
        },
        {
          "type": "github",
          "url": "https://github.com/sponsors/ai"
        }
      ],
      "license": "MIT",
      "dependencies": {
        "baseline-browser-mapping": "^2.9.0",
        "caniuse-lite": "^1.0.30001759",
        "electron-to-chromium": "^1.5.263",
        "node-releases": "^2.0.27",
        "update-browserslist-db": "^1.2.0"
      },
      "bin": {
        "browserslist": "cli.js"
      },
      "engines": {
        "node": "^6 || ^7 || ^8 || ^9 || ^10 || ^11 || ^12 || >=13.7"
      }
    },
    "node_modules/caniuse-lite": {
      "version": "1.0.30001761",
      "resolved": "https://registry.npmjs.org/caniuse-lite/-/caniuse-lite-1.0.30001761.tgz",
      "integrity": "sha512-JF9ptu1vP2coz98+5051jZ4PwQgd2ni8A+gYSN7EA7dPKIMf0pDlSUxhdmVOaV3/fYK5uWBkgSXJaRLr4+3A6g==",
      "dev": true,
      "funding": [
        {
          "type": "opencollective",
          "url": "https://opencollective.com/browserslist"
        },
        {
          "type": "tidelift",
          "url": "https://tidelift.com/funding/github/npm/caniuse-lite"
        },
        {
          "type": "github",
          "url": "https://github.com/sponsors/ai"
        }
      ],
      "license": "CC-BY-4.0"
    },
    "node_modules/codemirror": {
      "version": "6.0.2",
      "resolved": "https://registry.npmjs.org/codemirror/-/codemirror-6.0.2.tgz",
      "integrity": "sha512-VhydHotNW5w1UGK0Qj96BwSk/Zqbp9WbnyK2W/eVMv4QyF41INRGpjUhFJY7/uDNuudSc33a/PKr4iDqRduvHw==",
      "license": "MIT",
      "dependencies": {
        "@codemirror/autocomplete": "^6.0.0",
        "@codemirror/commands": "^6.0.0",
        "@codemirror/language": "^6.0.0",
        "@codemirror/lint": "^6.0.0",
        "@codemirror/search": "^6.0.0",
        "@codemirror/state": "^6.0.0",
        "@codemirror/view": "^6.0.0"
      }
    },
    "node_modules/convert-source-map": {
      "version": "2.0.0",
      "resolved": "https://registry.npmjs.org/convert-source-map/-/convert-source-map-2.0.0.tgz",
      "integrity": "sha512-Kvp459HrV2FEJ1CAsi1Ku+MY3kasH19TFykTz2xWmMeq6bk2NU3XXvfJ+Q61m0xktWwt+1HSYf3JZsTms3aRJg==",
      "dev": true
    },
    "node_modules/crelt": {
      "version": "1.0.6",
      "resolved": "https://registry.npmjs.org/crelt/-/crelt-1.0.6.tgz",
      "integrity": "sha512-VQ2MBenTq1fWZUH9DJNGti7kKv6EeAuYr3cLwxUWhIu1baTaXh4Ib5W2CqHVqib4/MqbYGJqiL3Zb8GJZr3l4g==",
      "license": "MIT"
    },
    "node_modules/csstype": {
      "version": "3.1.3",
      "resolved": "https://registry.npmjs.org/csstype/-/csstype-3.1.3.tgz",
      "integrity": "sha512-M1uQkMl8rQK/szD0LNhtqxIPLpimGm8sOBwU7lLnCpSbTyY3yeU1Vc7l4KT5zT4s/yOxHH5O7tIuuLOCnLADRw=="
    },
    "node_modules/debug": {
      "version": "4.3.7",
      "resolved": "https://registry.npmjs.org/debug/-/debug-4.3.7.tgz",
      "integrity": "sha512-Er2nc/H7RrMXZBFCEim6TCmMk02Z8vLC2Rbi1KEBggpo0fS6l0S1nnapwmIi3yW/+GOJap1Krg4w0Hg80oCqgQ==",
      "dev": true,
      "dependencies": {
        "ms": "^2.1.3"
      },
      "engines": {
        "node": ">=6.0"
      },
      "peerDependenciesMeta": {
        "supports-color": {
          "optional": true
        }
      }
    },
    "node_modules/electron-to-chromium": {
      "version": "1.5.267",
      "resolved": "https://registry.npmjs.org/electron-to-chromium/-/electron-to-chromium-1.5.267.tgz",
      "integrity": "sha512-0Drusm6MVRXSOJpGbaSVgcQsuB4hEkMpHXaVstcPmhu5LIedxs1xNK/nIxmQIU/RPC0+1/o0AVZfBTkTNJOdUw==",
      "dev": true,
      "license": "ISC"
    },
    "node_modules/escalade": {
      "version": "3.2.0",
      "resolved": "https://registry.npmjs.org/escalade/-/escalade-3.2.0.tgz",
      "integrity": "sha512-WUj2qlxaQtO4g6Pq5c29GTcWGDyd8itL8zTlipgECz3JesAiiOKotd8JU6otB3PACgG6xkJUyVhboMS+bje/jA==",
      "dev": true,
      "license": "MIT",
      "engines": {
        "node": ">=6"
      }
    },
    "node_modules/gensync": {
      "version": "1.0.0-beta.2",
      "resolved": "https://registry.npmjs.org/gensync/-/gensync-1.0.0-beta.2.tgz",
      "integrity": "sha512-3hN7NaskYvMDLQY55gnW3NQ+mesEAepTqlg+VEbj7zzqEMBVNhzcGYYeqFo/TlYz6eQiFcp1HcsCZO+nGgS8zg==",
      "dev": true,
      "engines": {
        "node": ">=6.9.0"
      }
    },
    "node_modules/js-tokens": {
      "version": "4.0.0",
      "resolved": "https://registry.npmjs.org/js-tokens/-/js-tokens-4.0.0.tgz",
      "integrity": "sha512-RdJUflcE3cUzKiMqQgsCu06FPu9UdIJO0beYbPhHN4k6apgJtifcoCtT9bcxOpYBtpD2kCM6Sbzg4CausW/PKQ==",
      "dev": true,
      "license": "MIT"
    },
    "node_modules/jsesc": {
      "version": "3.1.0",
      "resolved": "https://registry.npmjs.org/jsesc/-/jsesc-3.1.0.tgz",
      "integrity": "sha512-/sM3dO2FOzXjKQhJuo0Q173wf2KOo8t4I8vHy6lF9poUp7bKT0/NHE8fPX23PwfhnykfqnC2xRxOnVw5XuGIaA==",
      "dev": true,
      "license": "MIT",
      "bin": {
        "jsesc": "bin/jsesc"
      },
      "engines": {
        "node": ">=6"
      }
    },
    "node_modules/json5": {
      "version": "2.2.3",
      "resolved": "https://registry.npmjs.org/json5/-/json5-2.2.3.tgz",
      "integrity": "sha512-XmOWe7eyHYH14cLdVPoyg+GOH3rYX++KpzrylJwSW98t3Nk+U8XOl8FWKOgwtzdb8lXGf6zYwDUzeHMWfxasyg==",
      "dev": true,
      "bin": {
        "json5": "lib/cli.js"
      },
      "engines": {
        "node": ">=6"
      }
    },
    "node_modules/lru-cache": {
      "version": "5.1.1",
      "resolved": "https://registry.npmjs.org/lru-cache/-/lru-cache-5.1.1.tgz",
      "integrity": "sha512-KpNARQA3Iwv+jTA0utUVVbrh+Jlrr1Fv0e56GGzAFOXN7dk/FviaDW8LHmK52DlcH4WP2n6gI8vN1aesBFgo9w==",
      "dev": true,
      "license": "ISC",
      "dependencies": {
        "yallist": "^3.0.2"
      }
    },
    "node_modules/ms": {
      "version": "2.1.3",
      "resolved": "https://registry.npmjs.org/ms/-/ms-2.1.3.tgz",
      "integrity": "sha512-6FlzubTLZG3J2a/NVCAleEhjzq5oxgHyaCU9yYXvcLsvoVaHJq/s5xXI6/XXP6tz7R9xAOtHnSO/tXtF3WRTlA==",
      "dev": true
    },
    "node_modules/node-releases": {
      "version": "2.0.27",
      "resolved": "https://registry.npmjs.org/node-releases/-/node-releases-2.0.27.tgz",
      "integrity": "sha512-nmh3lCkYZ3grZvqcCH+fjmQ7X+H0OeZgP40OierEaAptX4XofMh5kwNbWh7lBduUzCcV/8kZ+NDLCwm2iorIlA==",
      "dev": true,
      "license": "MIT"
    },
    "node_modules/picocolors": {
      "version": "1.1.1",
      "resolved": "https://registry.npmjs.org/picocolors/-/picocolors-1.1.1.tgz",
      "integrity": "sha512-xceH2snhtb5M9liqDsmEw56le376mTZkEX/jEb/RxNFyegNul7eNslCXP9FDj/Lcu0X8KEyMceP2ntpaHrDEVA==",
      "dev": true,
      "license": "ISC"
    },
    "node_modules/semver": {
      "version": "6.3.1",
      "resolved": "https://registry.npmjs.org/semver/-/semver-6.3.1.tgz",
      "integrity": "sha512-BR7VvDCVHO+q2xBEWskxS6DJE1qRnb7DxzUrogb71CWoSficBxYsiAGd+Kl0mmq/MprG9yArRkyrQxTO6XjMzA==",
      "dev": true,
      "license": "ISC",
      "bin": {
        "semver": "bin/semver.js"
      }
    },
    "node_modules/seroval": {
      "version": "1.5.0",
      "resolved": "https://registry.npmjs.org/seroval/-/seroval-1.5.0.tgz",
      "integrity": "sha512-OE4cvmJ1uSPrKorFIH9/w/Qwuvi/IMcGbv5RKgcJ/zjA/IohDLU6SVaxFN9FwajbP7nsX0dQqMDes1whk3y+yw==",
      "license": "MIT",
      "engines": {
        "node": ">=10"
      }
    },
    "node_modules/seroval-plugins": {
      "version": "1.5.0",
      "resolved": "https://registry.npmjs.org/seroval-plugins/-/seroval-plugins-1.5.0.tgz",
      "integrity": "sha512-EAHqADIQondwRZIdeW2I636zgsODzoBDwb3PT/+7TLDWyw1Dy/Xv7iGUIEXXav7usHDE9HVhOU61irI3EnyyHA==",
      "license": "MIT",
      "engines": {
        "node": ">=10"
      },
      "peerDependencies": {
        "seroval": "^1.0"
      }
    },
    "node_modules/solid-devtools": {
      "version": "0.34.4",
      "resolved": "https://registry.npmjs.org/solid-devtools/-/solid-devtools-0.34.4.tgz",
      "integrity": "sha512-/s/pPTLvTkuXGZhLfsuvp7ge/cdpEwrUPoRwoJPYgz74GTUSb5Ozi2V6Z6HkO0ILT7hXB04j16HbH1aaP5VFOA==",
      "dev": true,
      "license": "MIT",
      "dependencies": {
        "@babel/core": "^7.27.4",
        "@babel/plugin-syntax-typescript": "^7.27.1",
        "@babel/types": "^7.27.6",
        "@solid-devtools/debugger": "^0.28.1",
        "@solid-devtools/shared": "^0.20.0"
      },
      "peerDependencies": {
        "solid-js": "^1.9.0",
        "vite": "^2.2.3 || ^3.0.0 || ^4.0.0 || ^5.0.0 || ^6.0.0 || ^7.0.0"
      },
      "peerDependenciesMeta": {
        "vite": {
          "optional": true
        }
      }
    },
    "node_modules/solid-js": {
      "version": "1.9.11",
      "resolved": "https://registry.npmjs.org/solid-js/-/solid-js-1.9.11.tgz",
      "integrity": "sha512-WEJtcc5mkh/BnHA6Yrg4whlF8g6QwpmXXRg4P2ztPmcKeHHlH4+djYecBLhSpecZY2RRECXYUwIc/C2r3yzQ4Q==",
      "license": "MIT",
      "dependencies": {
        "csstype": "^3.1.0",
        "seroval": "~1.5.0",
        "seroval-plugins": "~1.5.0"
      }
    },
    "node_modules/style-mod": {
      "version": "4.1.3",
      "resolved": "https://registry.npmjs.org/style-mod/-/style-mod-4.1.3.tgz",
      "integrity": "sha512-i/n8VsZydrugj3Iuzll8+x/00GH2vnYsk1eomD8QiRrSAeW6ItbCQDtfXCeJHd0iwiNagqjQkvpvREEPtW3IoQ==",
      "license": "MIT"
    },
    "node_modules/update-browserslist-db": {
      "version": "1.2.3",
      "resolved": "https://registry.npmjs.org/update-browserslist-db/-/update-browserslist-db-1.2.3.tgz",
      "integrity": "sha512-Js0m9cx+qOgDxo0eMiFGEueWztz+d4+M3rGlmKPT+T4IS/jP4ylw3Nwpu6cpTTP8R1MAC1kF4VbdLt3ARf209w==",
      "dev": true,
      "funding": [
        {
          "type": "opencollective",
          "url": "https://opencollective.com/browserslist"
        },
        {
          "type": "tidelift",
          "url": "https://tidelift.com/funding/github/npm/browserslist"
        },
        {
          "type": "github",
          "url": "https://github.com/sponsors/ai"
        }
      ],
      "license": "MIT",
      "dependencies": {
        "escalade": "^3.2.0",
        "picocolors": "^1.1.1"
      },
      "bin": {
        "update-browserslist-db": "cli.js"
      },
      "peerDependencies": {
        "browserslist": ">= 4.21.0"
      }
    },
    "node_modules/w3c-keyname": {
      "version": "2.2.8",
      "resolved": "https://registry.npmjs.org/w3c-keyname/-/w3c-keyname-2.2.8.tgz",
      "integrity": "sha512-dpojBhNsCNN7T82Tm7k26A6G9ML3NkhDsnw9n/eoxSRlVBB4CEtIQ/KTCLI2Fwf3ataSXRhYFkQi3SlnFwPvPQ==",
      "license": "MIT"
    },
    "node_modules/yallist": {
      "version": "3.1.1",
      "resolved": "https://registry.npmjs.org/yallist/-/yallist-3.1.1.tgz",
      "integrity": "sha512-a4UGQaWPH59mOXUYnAG2ewncQS4i4F43Tv3JoAM+s2VDAmS9NsK8GpDMLrCHPksFT7h3K6TOoUNn2pb7RoXx4g==",
      "dev": true,
      "license": "ISC"
    }
  }
}
